// !$*UTF8*$!
{
	archiveVersion = 1;
	classes = {
	};
	objectVersion = 56;
	objects = {

/* Begin PBXBuildFile section */
		0BC2A1842C87606F00D59A6A /* MoviesSwiftUIDemoApp.swift in Sources */ = {isa = PBXBuildFile; fileRef = 0BC2A1832C87606F00D59A6A /* MoviesSwiftUIDemoApp.swift */; };
		0BC2A1862C87606F00D59A6A /* HomeView.swift in Sources */ = {isa = PBXBuildFile; fileRef = 0BC2A1852C87606F00D59A6A /* HomeView.swift */; };
		0BC2A1882C87606F00D59A6A /* MovieResponse.swift in Sources */ = {isa = PBXBuildFile; fileRef = 0BC2A1872C87606F00D59A6A /* MovieResponse.swift */; };
		0BC2A18A2C87607000D59A6A /* Assets.xcassets in Resources */ = {isa = PBXBuildFile; fileRef = 0BC2A1892C87607000D59A6A /* Assets.xcassets */; };
		0BC2A18D2C87607000D59A6A /* Preview Assets.xcassets in Resources */ = {isa = PBXBuildFile; fileRef = 0BC2A18C2C87607000D59A6A /* Preview Assets.xcassets */; };
		0BC2A1952C87670E00D59A6A /* HomeViewModel.swift in Sources */ = {isa = PBXBuildFile; fileRef = 0BC2A1942C87670E00D59A6A /* HomeViewModel.swift */; };
		0BC2A1982C87681C00D59A6A /* HomeService.swift in Sources */ = {isa = PBXBuildFile; fileRef = 0BC2A1972C87681C00D59A6A /* HomeService.swift */; };
		0BC2A19A2C87690F00D59A6A /* Constants.swift in Sources */ = {isa = PBXBuildFile; fileRef = 0BC2A1992C87690F00D59A6A /* Constants.swift */; };
		0BC2A19F2C876DDC00D59A6A /* BaseSerivce.swift in Sources */ = {isa = PBXBuildFile; fileRef = 0BC2A19E2C876DDC00D59A6A /* BaseSerivce.swift */; };
		0BC2A1A22C876EA300D59A6A /* Alamofire in Frameworks */ = {isa = PBXBuildFile; productRef = 0BC2A1A12C876EA300D59A6A /* Alamofire */; };
		0BE08F9C2C8974140072A624 /* MovieListViewModel.swift in Sources */ = {isa = PBXBuildFile; fileRef = 0BE08F952C8974140072A624 /* MovieListViewModel.swift */; };
		0BE08F9D2C8974140072A624 /* MovieService.swift in Sources */ = {isa = PBXBuildFile; fileRef = 0BE08F972C8974140072A624 /* MovieService.swift */; };
		0BE08F9E2C8974140072A624 /* MovieListView.swift in Sources */ = {isa = PBXBuildFile; fileRef = 0BE08F992C8974140072A624 /* MovieListView.swift */; };
		0BE08FA02C8974220072A624 /* MovieDetailResponse.swift in Sources */ = {isa = PBXBuildFile; fileRef = 0BE08F9F2C8974220072A624 /* MovieDetailResponse.swift */; };
		0BE08FAC2C8974670072A624 /* MovieDetailView.swift in Sources */ = {isa = PBXBuildFile; fileRef = 0BE08FAB2C8974670072A624 /* MovieDetailView.swift */; };
		0BE08FAE2C897DAD0072A624 /* MovieDataModel.swift in Sources */ = {isa = PBXBuildFile; fileRef = 0BE08FAD2C897DAD0072A624 /* MovieDataModel.swift */; };
		0BE08FB02C89946A0072A624 /* MovieDetailModel.swift in Sources */ = {isa = PBXBuildFile; fileRef = 0BE08FAF2C89946A0072A624 /* MovieDetailModel.swift */; };
		0BE08FB22C89B3C20072A624 /* FavoriteMovieModel.swift in Sources */ = {isa = PBXBuildFile; fileRef = 0BE08FB12C89B3C20072A624 /* FavoriteMovieModel.swift */; };
		0BE08FB62C89BAFD0072A624 /* MovieDetailViewModel.swift in Sources */ = {isa = PBXBuildFile; fileRef = 0BE08FB52C89BAFD0072A624 /* MovieDetailViewModel.swift */; };
		4DB2698D2C88238D003EA2AC /* Kingfisher in Frameworks */ = {isa = PBXBuildFile; productRef = 4DB2698C2C88238D003EA2AC /* Kingfisher */; };
/* End PBXBuildFile section */

/* Begin PBXFileReference section */
		0BC2A1802C87606F00D59A6A /* MoviesSwiftUIDemo.app */ = {isa = PBXFileReference; explicitFileType = wrapper.application; includeInIndex = 0; path = MoviesSwiftUIDemo.app; sourceTree = BUILT_PRODUCTS_DIR; };
		0BC2A1832C87606F00D59A6A /* MoviesSwiftUIDemoApp.swift */ = {isa = PBXFileReference; lastKnownFileType = sourcecode.swift; path = MoviesSwiftUIDemoApp.swift; sourceTree = "<group>"; };
		0BC2A1852C87606F00D59A6A /* HomeView.swift */ = {isa = PBXFileReference; lastKnownFileType = sourcecode.swift; path = HomeView.swift; sourceTree = "<group>"; };
		0BC2A1872C87606F00D59A6A /* MovieResponse.swift */ = {isa = PBXFileReference; lastKnownFileType = sourcecode.swift; path = MovieResponse.swift; sourceTree = "<group>"; };
		0BC2A1892C87607000D59A6A /* Assets.xcassets */ = {isa = PBXFileReference; lastKnownFileType = folder.assetcatalog; path = Assets.xcassets; sourceTree = "<group>"; };
		0BC2A18C2C87607000D59A6A /* Preview Assets.xcassets */ = {isa = PBXFileReference; lastKnownFileType = folder.assetcatalog; path = "Preview Assets.xcassets"; sourceTree = "<group>"; };
		0BC2A1942C87670E00D59A6A /* HomeViewModel.swift */ = {isa = PBXFileReference; lastKnownFileType = sourcecode.swift; path = HomeViewModel.swift; sourceTree = "<group>"; };
		0BC2A1972C87681C00D59A6A /* HomeService.swift */ = {isa = PBXFileReference; lastKnownFileType = sourcecode.swift; path = HomeService.swift; sourceTree = "<group>"; };
		0BC2A1992C87690F00D59A6A /* Constants.swift */ = {isa = PBXFileReference; lastKnownFileType = sourcecode.swift; path = Constants.swift; sourceTree = "<group>"; };
		0BC2A19E2C876DDC00D59A6A /* BaseSerivce.swift */ = {isa = PBXFileReference; lastKnownFileType = sourcecode.swift; path = BaseSerivce.swift; sourceTree = "<group>"; };
		0BE08F952C8974140072A624 /* MovieListViewModel.swift */ = {isa = PBXFileReference; fileEncoding = 4; lastKnownFileType = sourcecode.swift; path = MovieListViewModel.swift; sourceTree = "<group>"; };
		0BE08F972C8974140072A624 /* MovieService.swift */ = {isa = PBXFileReference; fileEncoding = 4; lastKnownFileType = sourcecode.swift; path = MovieService.swift; sourceTree = "<group>"; };
		0BE08F992C8974140072A624 /* MovieListView.swift */ = {isa = PBXFileReference; fileEncoding = 4; lastKnownFileType = sourcecode.swift; path = MovieListView.swift; sourceTree = "<group>"; };
		0BE08F9F2C8974220072A624 /* MovieDetailResponse.swift */ = {isa = PBXFileReference; lastKnownFileType = sourcecode.swift; path = MovieDetailResponse.swift; sourceTree = "<group>"; };
		0BE08FAB2C8974670072A624 /* MovieDetailView.swift */ = {isa = PBXFileReference; lastKnownFileType = sourcecode.swift; path = MovieDetailView.swift; sourceTree = "<group>"; };
		0BE08FAD2C897DAD0072A624 /* MovieDataModel.swift */ = {isa = PBXFileReference; lastKnownFileType = sourcecode.swift; path = MovieDataModel.swift; sourceTree = "<group>"; };
		0BE08FAF2C89946A0072A624 /* MovieDetailModel.swift */ = {isa = PBXFileReference; lastKnownFileType = sourcecode.swift; path = MovieDetailModel.swift; sourceTree = "<group>"; };
		0BE08FB12C89B3C20072A624 /* FavoriteMovieModel.swift */ = {isa = PBXFileReference; lastKnownFileType = sourcecode.swift; path = FavoriteMovieModel.swift; sourceTree = "<group>"; };
		0BE08FB52C89BAFD0072A624 /* MovieDetailViewModel.swift */ = {isa = PBXFileReference; lastKnownFileType = sourcecode.swift; path = MovieDetailViewModel.swift; sourceTree = "<group>"; };
/* End PBXFileReference section */

/* Begin PBXFrameworksBuildPhase section */
		0BC2A17D2C87606F00D59A6A /* Frameworks */ = {
			isa = PBXFrameworksBuildPhase;
			buildActionMask = 2147483647;
			files = (
				4DB2698D2C88238D003EA2AC /* Kingfisher in Frameworks */,
				0BC2A1A22C876EA300D59A6A /* Alamofire in Frameworks */,
			);
			runOnlyForDeploymentPostprocessing = 0;
		};
/* End PBXFrameworksBuildPhase section */

/* Begin PBXGroup section */
		0BC2A1772C87606F00D59A6A = {
			isa = PBXGroup;
			children = (
				0BC2A1822C87606F00D59A6A /* MoviesSwiftUIDemo */,
				0BC2A1812C87606F00D59A6A /* Products */,
			);
			sourceTree = "<group>";
		};
		0BC2A1812C87606F00D59A6A /* Products */ = {
			isa = PBXGroup;
			children = (
				0BC2A1802C87606F00D59A6A /* MoviesSwiftUIDemo.app */,
			);
			name = Products;
			sourceTree = "<group>";
		};
		0BC2A1822C87606F00D59A6A /* MoviesSwiftUIDemo */ = {
			isa = PBXGroup;
			children = (
				0BC2A1932C87612000D59A6A /* Home */,
				0BC2A1A42C877BF300D59A6A /* MovieList */,
				0BC2A1A32C877B7C00D59A6A /* Detail */,
				0BE08F812C88C3CC0072A624 /* Utils+Constant */,
				0BC2A1832C87606F00D59A6A /* MoviesSwiftUIDemoApp.swift */,
				0BC2A1892C87607000D59A6A /* Assets.xcassets */,
				0BC2A18B2C87607000D59A6A /* Preview Content */,
			);
			path = MoviesSwiftUIDemo;
			sourceTree = "<group>";
		};
		0BC2A18B2C87607000D59A6A /* Preview Content */ = {
			isa = PBXGroup;
			children = (
				0BC2A18C2C87607000D59A6A /* Preview Assets.xcassets */,
			);
			path = "Preview Content";
			sourceTree = "<group>";
		};
		0BC2A1932C87612000D59A6A /* Home */ = {
			isa = PBXGroup;
			children = (
				0BC2A19C2C8769EB00D59A6A /* Model */,
				0BC2A19B2C8769E500D59A6A /* View */,
				0BC2A19D2C8769F400D59A6A /* ViewModel */,
				0BC2A1962C87681300D59A6A /* Service */,
			);
			path = Home;
			sourceTree = "<group>";
		};
		0BC2A1962C87681300D59A6A /* Service */ = {
			isa = PBXGroup;
			children = (
				0BC2A1972C87681C00D59A6A /* HomeService.swift */,
			);
			path = Service;
			sourceTree = "<group>";
		};
		0BC2A19B2C8769E500D59A6A /* View */ = {
			isa = PBXGroup;
			children = (
				0BC2A1852C87606F00D59A6A /* HomeView.swift */,
			);
			path = View;
			sourceTree = "<group>";
		};
		0BC2A19C2C8769EB00D59A6A /* Model */ = {
			isa = PBXGroup;
			children = (
				0BC2A1872C87606F00D59A6A /* MovieResponse.swift */,
				0BE08FAD2C897DAD0072A624 /* MovieDataModel.swift */,
			);
			path = Model;
			sourceTree = "<group>";
		};
		0BC2A19D2C8769F400D59A6A /* ViewModel */ = {
			isa = PBXGroup;
			children = (
				0BC2A1942C87670E00D59A6A /* HomeViewModel.swift */,
			);
			path = ViewModel;
			sourceTree = "<group>";
		};
		0BC2A1A32C877B7C00D59A6A /* Detail */ = {
			isa = PBXGroup;
			children = (
				0BE08FB32C89B45F0072A624 /* Model */,
				0BE08FA22C8974420072A624 /* View */,
				0BE08FB42C89BAE10072A624 /* ViewModel */,
			);
			path = Detail;
			sourceTree = "<group>";
		};
		0BC2A1A42C877BF300D59A6A /* MovieList */ = {
			isa = PBXGroup;
			children = (
				0BE08F9B2C8974140072A624 /* Model */,
				0BE08F9A2C8974140072A624 /* View */,
				0BE08F962C8974140072A624 /* ViewModel */,
				0BE08F982C8974140072A624 /* Service */,
			);
			path = MovieList;
			sourceTree = "<group>";
		};
		0BE08F812C88C3CC0072A624 /* Utils+Constant */ = {
			isa = PBXGroup;
			children = (
				0BC2A19E2C876DDC00D59A6A /* BaseSerivce.swift */,
				0BC2A1992C87690F00D59A6A /* Constants.swift */,
			);
			path = "Utils+Constant";
			sourceTree = "<group>";
		};
		0BE08F962C8974140072A624 /* ViewModel */ = {
			isa = PBXGroup;
			children = (
				0BE08F952C8974140072A624 /* MovieListViewModel.swift */,
			);
			path = ViewModel;
			sourceTree = "<group>";
		};
		0BE08F982C8974140072A624 /* Service */ = {
			isa = PBXGroup;
			children = (
				0BE08F972C8974140072A624 /* MovieService.swift */,
			);
			path = Service;
			sourceTree = "<group>";
		};
		0BE08F9A2C8974140072A624 /* View */ = {
			isa = PBXGroup;
			children = (
				0BE08F992C8974140072A624 /* MovieListView.swift */,
			);
			path = View;
			sourceTree = "<group>";
		};
		0BE08F9B2C8974140072A624 /* Model */ = {
			isa = PBXGroup;
			children = (
				0BE08F9F2C8974220072A624 /* MovieDetailResponse.swift */,
				0BE08FAF2C89946A0072A624 /* MovieDetailModel.swift */,
			);
			path = Model;
			sourceTree = "<group>";
		};
		0BE08FA22C8974420072A624 /* View */ = {
			isa = PBXGroup;
			children = (
				0BE08FAB2C8974670072A624 /* MovieDetailView.swift */,
			);
			path = View;
			sourceTree = "<group>";
		};
		0BE08FB32C89B45F0072A624 /* Model */ = {
			isa = PBXGroup;
			children = (
				0BE08FB12C89B3C20072A624 /* FavoriteMovieModel.swift */,
			);
			path = Model;
			sourceTree = "<group>";
		};
		0BE08FB42C89BAE10072A624 /* ViewModel */ = {
			isa = PBXGroup;
			children = (
				0BE08FB52C89BAFD0072A624 /* MovieDetailViewModel.swift */,
			);
			path = ViewModel;
			sourceTree = "<group>";
		};
/* End PBXGroup section */

/* Begin PBXNativeTarget section */
		0BC2A17F2C87606F00D59A6A /* MoviesSwiftUIDemo */ = {
			isa = PBXNativeTarget;
			buildConfigurationList = 0BC2A1902C87607000D59A6A /* Build configuration list for PBXNativeTarget "MoviesSwiftUIDemo" */;
			buildPhases = (
				0BC2A17C2C87606F00D59A6A /* Sources */,
				0BC2A17D2C87606F00D59A6A /* Frameworks */,
				0BC2A17E2C87606F00D59A6A /* Resources */,
			);
			buildRules = (
			);
			dependencies = (
			);
			name = MoviesSwiftUIDemo;
			packageProductDependencies = (
				0BC2A1A12C876EA300D59A6A /* Alamofire */,
				4DB2698C2C88238D003EA2AC /* Kingfisher */,
			);
			productName = MoviesSwiftUIDemo;
			productReference = 0BC2A1802C87606F00D59A6A /* MoviesSwiftUIDemo.app */;
			productType = "com.apple.product-type.application";
		};
/* End PBXNativeTarget section */

/* Begin PBXProject section */
		0BC2A1782C87606F00D59A6A /* Project object */ = {
			isa = PBXProject;
			attributes = {
				BuildIndependentTargetsInParallel = 1;
				LastSwiftUpdateCheck = 1530;
				LastUpgradeCheck = 1530;
				TargetAttributes = {
					0BC2A17F2C87606F00D59A6A = {
						CreatedOnToolsVersion = 15.3;
					};
				};
			};
			buildConfigurationList = 0BC2A17B2C87606F00D59A6A /* Build configuration list for PBXProject "MoviesSwiftUIDemo" */;
			compatibilityVersion = "Xcode 14.0";
			developmentRegion = en;
			hasScannedForEncodings = 0;
			knownRegions = (
				en,
				Base,
			);
			mainGroup = 0BC2A1772C87606F00D59A6A;
			packageReferences = (
				0BC2A1A02C876EA300D59A6A /* XCRemoteSwiftPackageReference "Alamofire" */,
				4DB2698B2C88238D003EA2AC /* XCRemoteSwiftPackageReference "Kingfisher" */,
			);
			productRefGroup = 0BC2A1812C87606F00D59A6A /* Products */;
			projectDirPath = "";
			projectRoot = "";
			targets = (
				0BC2A17F2C87606F00D59A6A /* MoviesSwiftUIDemo */,
			);
		};
/* End PBXProject section */

/* Begin PBXResourcesBuildPhase section */
		0BC2A17E2C87606F00D59A6A /* Resources */ = {
			isa = PBXResourcesBuildPhase;
			buildActionMask = 2147483647;
			files = (
				0BC2A18D2C87607000D59A6A /* Preview Assets.xcassets in Resources */,
				0BC2A18A2C87607000D59A6A /* Assets.xcassets in Resources */,
			);
			runOnlyForDeploymentPostprocessing = 0;
		};
/* End PBXResourcesBuildPhase section */

/* Begin PBXSourcesBuildPhase section */
		0BC2A17C2C87606F00D59A6A /* Sources */ = {
			isa = PBXSourcesBuildPhase;
			buildActionMask = 2147483647;
			files = (
				0BC2A1862C87606F00D59A6A /* HomeView.swift in Sources */,
				0BC2A1882C87606F00D59A6A /* MovieResponse.swift in Sources */,
				0BC2A19F2C876DDC00D59A6A /* BaseSerivce.swift in Sources */,
				0BE08F9C2C8974140072A624 /* MovieListViewModel.swift in Sources */,
				0BE08FB62C89BAFD0072A624 /* MovieDetailViewModel.swift in Sources */,
				0BC2A1842C87606F00D59A6A /* MoviesSwiftUIDemoApp.swift in Sources */,
				0BC2A1952C87670E00D59A6A /* HomeViewModel.swift in Sources */,
				0BE08FAC2C8974670072A624 /* MovieDetailView.swift in Sources */,
				0BE08F9D2C8974140072A624 /* MovieService.swift in Sources */,
				0BE08F9E2C8974140072A624 /* MovieListView.swift in Sources */,
				0BC2A1982C87681C00D59A6A /* HomeService.swift in Sources */,
				0BE08FAE2C897DAD0072A624 /* MovieDataModel.swift in Sources */,
				0BE08FA02C8974220072A624 /* MovieDetailResponse.swift in Sources */,
				0BE08FB22C89B3C20072A624 /* FavoriteMovieModel.swift in Sources */,
				0BC2A19A2C87690F00D59A6A /* Constants.swift in Sources */,
				0BE08FB02C89946A0072A624 /* MovieDetailModel.swift in Sources */,
			);
			runOnlyForDeploymentPostprocessing = 0;
		};
/* End PBXSourcesBuildPhase section */

/* Begin XCBuildConfiguration section */
		0BC2A18E2C87607000D59A6A /* Debug */ = {
			isa = XCBuildConfiguration;
			buildSettings = {
				ALWAYS_SEARCH_USER_PATHS = NO;
				ASSETCATALOG_COMPILER_GENERATE_SWIFT_ASSET_SYMBOL_EXTENSIONS = YES;
				CLANG_ANALYZER_NONNULL = YES;
				CLANG_ANALYZER_NUMBER_OBJECT_CONVERSION = YES_AGGRESSIVE;
				CLANG_CXX_LANGUAGE_STANDARD = "gnu++20";
				CLANG_ENABLE_MODULES = YES;
				CLANG_ENABLE_OBJC_ARC = YES;
				CLANG_ENABLE_OBJC_WEAK = YES;
				CLANG_WARN_BLOCK_CAPTURE_AUTORELEASING = YES;
				CLANG_WARN_BOOL_CONVERSION = YES;
				CLANG_WARN_COMMA = YES;
				CLANG_WARN_CONSTANT_CONVERSION = YES;
				CLANG_WARN_DEPRECATED_OBJC_IMPLEMENTATIONS = YES;
				CLANG_WARN_DIRECT_OBJC_ISA_USAGE = YES_ERROR;
				CLANG_WARN_DOCUMENTATION_COMMENTS = YES;
				CLANG_WARN_EMPTY_BODY = YES;
				CLANG_WARN_ENUM_CONVERSION = YES;
				CLANG_WARN_INFINITE_RECURSION = YES;
				CLANG_WARN_INT_CONVERSION = YES;
				CLANG_WARN_NON_LITERAL_NULL_CONVERSION = YES;
				CLANG_WARN_OBJC_IMPLICIT_RETAIN_SELF = YES;
				CLANG_WARN_OBJC_LITERAL_CONVERSION = YES;
				CLANG_WARN_OBJC_ROOT_CLASS = YES_ERROR;
				CLANG_WARN_QUOTED_INCLUDE_IN_FRAMEWORK_HEADER = YES;
				CLANG_WARN_RANGE_LOOP_ANALYSIS = YES;
				CLANG_WARN_STRICT_PROTOTYPES = YES;
				CLANG_WARN_SUSPICIOUS_MOVE = YES;
				CLANG_WARN_UNGUARDED_AVAILABILITY = YES_AGGRESSIVE;
				CLANG_WARN_UNREACHABLE_CODE = YES;
				CLANG_WARN__DUPLICATE_METHOD_MATCH = YES;
				COPY_PHASE_STRIP = NO;
				DEBUG_INFORMATION_FORMAT = dwarf;
				ENABLE_STRICT_OBJC_MSGSEND = YES;
				ENABLE_TESTABILITY = YES;
				ENABLE_USER_SCRIPT_SANDBOXING = YES;
				GCC_C_LANGUAGE_STANDARD = gnu17;
				GCC_DYNAMIC_NO_PIC = NO;
				GCC_NO_COMMON_BLOCKS = YES;
				GCC_OPTIMIZATION_LEVEL = 0;
				GCC_PREPROCESSOR_DEFINITIONS = (
					"DEBUG=1",
					"$(inherited)",
				);
				GCC_WARN_64_TO_32_BIT_CONVERSION = YES;
				GCC_WARN_ABOUT_RETURN_TYPE = YES_ERROR;
				GCC_WARN_UNDECLARED_SELECTOR = YES;
				GCC_WARN_UNINITIALIZED_AUTOS = YES_AGGRESSIVE;
				GCC_WARN_UNUSED_FUNCTION = YES;
				GCC_WARN_UNUSED_VARIABLE = YES;
				IPHONEOS_DEPLOYMENT_TARGET = 17.4;
				LOCALIZATION_PREFERS_STRING_CATALOGS = YES;
				MTL_ENABLE_DEBUG_INFO = INCLUDE_SOURCE;
				MTL_FAST_MATH = YES;
				ONLY_ACTIVE_ARCH = YES;
				SDKROOT = iphoneos;
				SWIFT_ACTIVE_COMPILATION_CONDITIONS = "DEBUG $(inherited)";
				SWIFT_OPTIMIZATION_LEVEL = "-Onone";
			};
			name = Debug;
		};
		0BC2A18F2C87607000D59A6A /* Release */ = {
			isa = XCBuildConfiguration;
			buildSettings = {
				ALWAYS_SEARCH_USER_PATHS = NO;
				ASSETCATALOG_COMPILER_GENERATE_SWIFT_ASSET_SYMBOL_EXTENSIONS = YES;
				CLANG_ANALYZER_NONNULL = YES;
				CLANG_ANALYZER_NUMBER_OBJECT_CONVERSION = YES_AGGRESSIVE;
				CLANG_CXX_LANGUAGE_STANDARD = "gnu++20";
				CLANG_ENABLE_MODULES = YES;
				CLANG_ENABLE_OBJC_ARC = YES;
				CLANG_ENABLE_OBJC_WEAK = YES;
				CLANG_WARN_BLOCK_CAPTURE_AUTORELEASING = YES;
				CLANG_WARN_BOOL_CONVERSION = YES;
				CLANG_WARN_COMMA = YES;
				CLANG_WARN_CONSTANT_CONVERSION = YES;
				CLANG_WARN_DEPRECATED_OBJC_IMPLEMENTATIONS = YES;
				CLANG_WARN_DIRECT_OBJC_ISA_USAGE = YES_ERROR;
				CLANG_WARN_DOCUMENTATION_COMMENTS = YES;
				CLANG_WARN_EMPTY_BODY = YES;
				CLANG_WARN_ENUM_CONVERSION = YES;
				CLANG_WARN_INFINITE_RECURSION = YES;
				CLANG_WARN_INT_CONVERSION = YES;
				CLANG_WARN_NON_LITERAL_NULL_CONVERSION = YES;
				CLANG_WARN_OBJC_IMPLICIT_RETAIN_SELF = YES;
				CLANG_WARN_OBJC_LITERAL_CONVERSION = YES;
				CLANG_WARN_OBJC_ROOT_CLASS = YES_ERROR;
				CLANG_WARN_QUOTED_INCLUDE_IN_FRAMEWORK_HEADER = YES;
				CLANG_WARN_RANGE_LOOP_ANALYSIS = YES;
				CLANG_WARN_STRICT_PROTOTYPES = YES;
				CLANG_WARN_SUSPICIOUS_MOVE = YES;
				CLANG_WARN_UNGUARDED_AVAILABILITY = YES_AGGRESSIVE;
				CLANG_WARN_UNREACHABLE_CODE = YES;
				CLANG_WARN__DUPLICATE_METHOD_MATCH = YES;
				COPY_PHASE_STRIP = NO;
				DEBUG_INFORMATION_FORMAT = "dwarf-with-dsym";
				ENABLE_NS_ASSERTIONS = NO;
				ENABLE_STRICT_OBJC_MSGSEND = YES;
				ENABLE_USER_SCRIPT_SANDBOXING = YES;
				GCC_C_LANGUAGE_STANDARD = gnu17;
				GCC_NO_COMMON_BLOCKS = YES;
				GCC_WARN_64_TO_32_BIT_CONVERSION = YES;
				GCC_WARN_ABOUT_RETURN_TYPE = YES_ERROR;
				GCC_WARN_UNDECLARED_SELECTOR = YES;
				GCC_WARN_UNINITIALIZED_AUTOS = YES_AGGRESSIVE;
				GCC_WARN_UNUSED_FUNCTION = YES;
				GCC_WARN_UNUSED_VARIABLE = YES;
				IPHONEOS_DEPLOYMENT_TARGET = 17.4;
				LOCALIZATION_PREFERS_STRING_CATALOGS = YES;
				MTL_ENABLE_DEBUG_INFO = NO;
				MTL_FAST_MATH = YES;
				SDKROOT = iphoneos;
				SWIFT_COMPILATION_MODE = wholemodule;
				VALIDATE_PRODUCT = YES;
			};
			name = Release;
		};
		0BC2A1912C87607000D59A6A /* Debug */ = {
			isa = XCBuildConfiguration;
			buildSettings = {
				ASSETCATALOG_COMPILER_APPICON_NAME = AppIcon;
				ASSETCATALOG_COMPILER_GLOBAL_ACCENT_COLOR_NAME = AccentColor;
				CODE_SIGN_STYLE = Automatic;
				CURRENT_PROJECT_VERSION = 1;
				DEVELOPMENT_ASSET_PATHS = "\"MoviesSwiftUIDemo/Preview Content\"";
				DEVELOPMENT_TEAM = K82PTL779T;
				ENABLE_PREVIEWS = YES;
				GENERATE_INFOPLIST_FILE = YES;
				INFOPLIST_KEY_UIApplicationSceneManifest_Generation = YES;
				INFOPLIST_KEY_UIApplicationSupportsIndirectInputEvents = YES;
				INFOPLIST_KEY_UILaunchScreen_Generation = YES;
				INFOPLIST_KEY_UISupportedInterfaceOrientations_iPad = "UIInterfaceOrientationPortrait UIInterfaceOrientationPortraitUpsideDown UIInterfaceOrientationLandscapeLeft UIInterfaceOrientationLandscapeRight";
				INFOPLIST_KEY_UISupportedInterfaceOrientations_iPhone = "UIInterfaceOrientationPortrait UIInterfaceOrientationLandscapeLeft UIInterfaceOrientationLandscapeRight";
				LD_RUNPATH_SEARCH_PATHS = (
					"$(inherited)",
					"@executable_path/Frameworks",
				);
				MARKETING_VERSION = 1.0;
				PRODUCT_BUNDLE_IDENTIFIER = com..MoviesSwiftUIDemo;
				PRODUCT_NAME = "$(TARGET_NAME)";
				SWIFT_EMIT_LOC_STRINGS = YES;
				SWIFT_VERSION = 5.0;
				TARGETED_DEVICE_FAMILY = "1,2";
			};
			name = Debug;
		};
		0BC2A1922C87607000D59A6A /* Release */ = {
			isa = XCBuildConfiguration;
			buildSettings = {
				ASSETCATALOG_COMPILER_APPICON_NAME = AppIcon;
				ASSETCATALOG_COMPILER_GLOBAL_ACCENT_COLOR_NAME = AccentColor;
				CODE_SIGN_STYLE = Automatic;
				CURRENT_PROJECT_VERSION = 1;
				DEVELOPMENT_ASSET_PATHS = "\"MoviesSwiftUIDemo/Preview Content\"";
				DEVELOPMENT_TEAM = K82PTL779T;
				ENABLE_PREVIEWS = YES;
				GENERATE_INFOPLIST_FILE = YES;
				INFOPLIST_KEY_UIApplicationSceneManifest_Generation = YES;
				INFOPLIST_KEY_UIApplicationSupportsIndirectInputEvents = YES;
				INFOPLIST_KEY_UILaunchScreen_Generation = YES;
				INFOPLIST_KEY_UISupportedInterfaceOrientations_iPad = "UIInterfaceOrientationPortrait UIInterfaceOrientationPortraitUpsideDown UIInterfaceOrientationLandscapeLeft UIInterfaceOrientationLandscapeRight";
				INFOPLIST_KEY_UISupportedInterfaceOrientations_iPhone = "UIInterfaceOrientationPortrait UIInterfaceOrientationLandscapeLeft UIInterfaceOrientationLandscapeRight";
				LD_RUNPATH_SEARCH_PATHS = (
					"$(inherited)",
					"@executable_path/Frameworks",
				);
				MARKETING_VERSION = 1.0;
				PRODUCT_BUNDLE_IDENTIFIER = com..MoviesSwiftUIDemo;
				PRODUCT_NAME = "$(TARGET_NAME)";
				SWIFT_EMIT_LOC_STRINGS = YES;
				SWIFT_VERSION = 5.0;
				TARGETED_DEVICE_FAMILY = "1,2";
			};
			name = Release;
		};
/* End XCBuildConfiguration section */

/* Begin XCConfigurationList section */
		0BC2A17B2C87606F00D59A6A /* Build configuration list for PBXProject "MoviesSwiftUIDemo" */ = {
			isa = XCConfigurationList;
			buildConfigurations = (
				0BC2A18E2C87607000D59A6A /* Debug */,
				0BC2A18F2C87607000D59A6A /* Release */,
			);
			defaultConfigurationIsVisible = 0;
			defaultConfigurationName = Release;
		};
		0BC2A1902C87607000D59A6A /* Build configuration list for PBXNativeTarget "MoviesSwiftUIDemo" */ = {
			isa = XCConfigurationList;
			buildConfigurations = (
				0BC2A1912C87607000D59A6A /* Debug */,
				0BC2A1922C87607000D59A6A /* Release */,
			);
			defaultConfigurationIsVisible = 0;
			defaultConfigurationName = Release;
		};
/* End XCConfigurationList section */

/* Begin XCRemoteSwiftPackageReference section */
		0BC2A1A02C876EA300D59A6A /* XCRemoteSwiftPackageReference "Alamofire" */ = {
			isa = XCRemoteSwiftPackageReference;
			repositoryURL = "https://github.com/Alamofire/Alamofire.git";
			requirement = {
				kind = upToNextMajorVersion;
				minimumVersion = 5.9.1;
			};
		};
		4DB2698B2C88238D003EA2AC /* XCRemoteSwiftPackageReference "Kingfisher" */ = {
			isa = XCRemoteSwiftPackageReference;
			repositoryURL = "https://github.com/onevcat/Kingfisher.git";
			requirement = {
				kind = upToNextMajorVersion;
				minimumVersion = 7.12.0;
			};
		};
/* End XCRemoteSwiftPackageReference section */

/* Begin XCSwiftPackageProductDependency section */
		0BC2A1A12C876EA300D59A6A /* Alamofire */ = {
			isa = XCSwiftPackageProductDependency;
			package = 0BC2A1A02C876EA300D59A6A /* XCRemoteSwiftPackageReference "Alamofire" */;
			productName = Alamofire;
		};
		4DB2698C2C88238D003EA2AC /* Kingfisher */ = {
			isa = XCSwiftPackageProductDependency;
			package = 4DB2698B2C88238D003EA2AC /* XCRemoteSwiftPackageReference "Kingfisher" */;
			productName = Kingfisher;
		};
/* End XCSwiftPackageProductDependency section */
	};
	rootObject = 0BC2A1782C87606F00D59A6A /* Project object */;
}
